
Microsoft Visual Studio Solution File, Format Version 12.00
# Visual Studio Version 17
VisualStudioVersion = 17.11.35327.3
MinimumVisualStudioVersion = 10.0.40219.1
Project("{FAE04EC0-301F-11D3-BF4B-00C04F79EFBC}") = "SortingAlgorithms1", "SortingAlgorithms1\SortingAlgorithms1.csproj", "{CA955FF3-D087-454B-B139-08F90F4FF15E}"
EndProject
Global
	GlobalSection(SolutionConfigurationPlatforms) = preSolution
		Debug|Any CPU = Debug|Any CPU
		Release|Any CPU = Release|Any CPU
	EndGlobalSection
	GlobalSection(ProjectConfigurationPlatforms) = postSolution
		{CA955FF3-D087-454B-B139-08F90F4FF15E}.Debug|Any CPU.ActiveCfg = Debug|Any CPU
		{CA955FF3-D087-454B-B139-08F90F4FF15E}.Debug|Any CPU.Build.0 = Debug|Any CPU
		{CA955FF3-D087-454B-B139-08F90F4FF15E}.Release|Any CPU.ActiveCfg = Release|Any CPU
		{CA955FF3-D087-454B-B139-08F90F4FF15E}.Release|Any CPU.Build.0 = Release|Any CPU
	EndGlobalSection
	GlobalSection(SolutionProperties) = preSolution
		HideSolutionNode = FALSE
	EndGlobalSection
	GlobalSection(ExtensibilityGlobals) = postSolution
		SolutionGuid = {E5443211-B637-4BFD-9D16-DDD42C7636AC}
	EndGlobalSection
EndGlobal
